
Microsoft Visual Studio Solution File, Format Version 12.00
# Visual Studio 15
VisualStudioVersion = 15.0.26730.12
MinimumVisualStudioVersion = 10.0.40219.1
Project("{FAE04EC0-301F-11D3-BF4B-00C04F79EFBC}") = "KgOpenGL", "KgOpenGL\KgOpenGL.csproj", "{AE7ACE84-7750-4CC9-97AE-B23E3850A0CE}"
EndProject
Global
	GlobalSection(SolutionConfigurationPlatforms) = preSolution
		Debug|Any CPU = Debug|Any CPU
		Release|Any CPU = Release|Any CPU
	EndGlobalSection
	GlobalSection(ProjectConfigurationPlatforms) = postSolution
		{AE7ACE84-7750-4CC9-97AE-B23E3850A0CE}.Debug|Any CPU.ActiveCfg = Debug|Any CPU
		{AE7ACE84-7750-4CC9-97AE-B23E3850A0CE}.Debug|Any CPU.Build.0 = Debug|Any CPU
		{AE7ACE84-7750-4CC9-97AE-B23E3850A0CE}.Release|Any CPU.ActiveCfg = Release|Any CPU
		{AE7ACE84-7750-4CC9-97AE-B23E3850A0CE}.Release|Any CPU.Build.0 = Release|Any CPU
	EndGlobalSection
	GlobalSection(SolutionProperties) = preSolution
		HideSolutionNode = FALSE
	EndGlobalSection
	GlobalSection(ExtensibilityGlobals) = postSolution
		SolutionGuid = {CCBDB7AF-88D1-4157-86AE-98851D42DFFB}
	EndGlobalSection
EndGlobal
